# THIS IS AN AUTOGENERATED FILE. DO NOT EDIT THIS FILE DIRECTLY.
# yarn lockfile v1


improved-yarn-audit@^2.3.1:
  version "2.3.1"
  resolved "https://registry.yarnpkg.com/improved-yarn-audit/-/improved-yarn-audit-2.3.1.tgz#e937f32e4da250eece077693c612caef05be435b"
  integrity sha512-jMME3sGF8RosTpQ7CMoel4F8UKJs6bvP2Dc11gkZrKynxBpulQ4bJKgGydnAyHgDavJw6NbssMrbqwVSiuw5Ug==
